// !$*UTF8*$!
{
	archiveVersion = 1;
	classes = {
	};
	objectVersion = 56;
	objects = {

/* Begin PBXBuildFile section */
		5B0E1255296C1EB600C9EF14 /* ExchangeViewController.swift in Sources */ = {isa = PBXBuildFile; fileRef = 5B0E1254296C1EB600C9EF14 /* ExchangeViewController.swift */; };
		5B0E1257296C2CE700C9EF14 /* OnBoardingViewController.swift in Sources */ = {isa = PBXBuildFile; fileRef = 5B0E1256296C2CE700C9EF14 /* OnBoardingViewController.swift */; };
		5B0E1259296C2E1800C9EF14 /* OnBoardingCell.swift in Sources */ = {isa = PBXBuildFile; fileRef = 5B0E1258296C2E1800C9EF14 /* OnBoardingCell.swift */; };
		5B0E125C296C2EC000C9EF14 /* ImageHelper.swift in Sources */ = {isa = PBXBuildFile; fileRef = 5B0E125B296C2EC000C9EF14 /* ImageHelper.swift */; };
		5B0E125E296C304B00C9EF14 /* Colors.swift in Sources */ = {isa = PBXBuildFile; fileRef = 5B0E125D296C304B00C9EF14 /* Colors.swift */; };
		5B0E1269296C30E300C9EF14 /* RobotoSlab-Regular.ttf in Resources */ = {isa = PBXBuildFile; fileRef = 5B0E1260296C30E200C9EF14 /* RobotoSlab-Regular.ttf */; };
		5B0E126A296C30E300C9EF14 /* RobotoSlab-ExtraBold.ttf in Resources */ = {isa = PBXBuildFile; fileRef = 5B0E1261296C30E200C9EF14 /* RobotoSlab-ExtraBold.ttf */; };
		5B0E126B296C30E300C9EF14 /* RobotoSlab-Bold.ttf in Resources */ = {isa = PBXBuildFile; fileRef = 5B0E1262296C30E200C9EF14 /* RobotoSlab-Bold.ttf */; };
		5B0E126C296C30E300C9EF14 /* RobotoSlab-Thin.ttf in Resources */ = {isa = PBXBuildFile; fileRef = 5B0E1263296C30E200C9EF14 /* RobotoSlab-Thin.ttf */; };
		5B0E126D296C30E300C9EF14 /* RobotoSlab-SemiBold.ttf in Resources */ = {isa = PBXBuildFile; fileRef = 5B0E1264296C30E200C9EF14 /* RobotoSlab-SemiBold.ttf */; };
		5B0E126E296C30E300C9EF14 /* RobotoSlab-Light.ttf in Resources */ = {isa = PBXBuildFile; fileRef = 5B0E1265296C30E300C9EF14 /* RobotoSlab-Light.ttf */; };
		5B0E126F296C30E300C9EF14 /* RobotoSlab-ExtraLight.ttf in Resources */ = {isa = PBXBuildFile; fileRef = 5B0E1266296C30E300C9EF14 /* RobotoSlab-ExtraLight.ttf */; };
		5B0E1270296C30E300C9EF14 /* RobotoSlab-Black.ttf in Resources */ = {isa = PBXBuildFile; fileRef = 5B0E1267296C30E300C9EF14 /* RobotoSlab-Black.ttf */; };
		5B0E1271296C30E300C9EF14 /* RobotoSlab-Medium.ttf in Resources */ = {isa = PBXBuildFile; fileRef = 5B0E1268296C30E300C9EF14 /* RobotoSlab-Medium.ttf */; };
		5BCE7926296CA5BB002CD48F /* SplashViewController.swift in Sources */ = {isa = PBXBuildFile; fileRef = 5BCE7925296CA5BB002CD48F /* SplashViewController.swift */; };
		5BE1DF872954EB100010295B /* AppDelegate.swift in Sources */ = {isa = PBXBuildFile; fileRef = 5BE1DF862954EB100010295B /* AppDelegate.swift */; };
		5BE1DF892954EB100010295B /* SceneDelegate.swift in Sources */ = {isa = PBXBuildFile; fileRef = 5BE1DF882954EB100010295B /* SceneDelegate.swift */; };
		5BE1DF8E2954EB100010295B /* Main.storyboard in Resources */ = {isa = PBXBuildFile; fileRef = 5BE1DF8C2954EB100010295B /* Main.storyboard */; };
		5BE1DF902954EB110010295B /* Assets.xcassets in Resources */ = {isa = PBXBuildFile; fileRef = 5BE1DF8F2954EB110010295B /* Assets.xcassets */; };
		5BE1DF932954EB110010295B /* LaunchScreen.storyboard in Resources */ = {isa = PBXBuildFile; fileRef = 5BE1DF912954EB110010295B /* LaunchScreen.storyboard */; };
		5BE1DFA42954ED6C0010295B /* MainViewController.swift in Sources */ = {isa = PBXBuildFile; fileRef = 5BE1DFA32954ED6C0010295B /* MainViewController.swift */; };
		5BE1DFA62954EDD20010295B /* SettingsViewController.swift in Sources */ = {isa = PBXBuildFile; fileRef = 5BE1DFA52954EDD20010295B /* SettingsViewController.swift */; };
		5BE1DFAA2955288C0010295B /* APICaller.swift in Sources */ = {isa = PBXBuildFile; fileRef = 5BE1DFA92955288C0010295B /* APICaller.swift */; };
		5BE1DFAC29552B3A0010295B /* Metal.swift in Sources */ = {isa = PBXBuildFile; fileRef = 5BE1DFAB29552B3A0010295B /* Metal.swift */; };
		5BE2E8CF2955F37700463779 /* Extentions.swift in Sources */ = {isa = PBXBuildFile; fileRef = 5BE2E8CE2955F37700463779 /* Extentions.swift */; };
/* End PBXBuildFile section */

/* Begin PBXFileReference section */
		5B0E1254296C1EB600C9EF14 /* ExchangeViewController.swift */ = {isa = PBXFileReference; lastKnownFileType = sourcecode.swift; path = ExchangeViewController.swift; sourceTree = "<group>"; };
		5B0E1256296C2CE700C9EF14 /* OnBoardingViewController.swift */ = {isa = PBXFileReference; lastKnownFileType = sourcecode.swift; path = OnBoardingViewController.swift; sourceTree = "<group>"; };
		5B0E1258296C2E1800C9EF14 /* OnBoardingCell.swift */ = {isa = PBXFileReference; fileEncoding = 4; lastKnownFileType = sourcecode.swift; path = OnBoardingCell.swift; sourceTree = "<group>"; };
		5B0E125B296C2EC000C9EF14 /* ImageHelper.swift */ = {isa = PBXFileReference; fileEncoding = 4; lastKnownFileType = sourcecode.swift; path = ImageHelper.swift; sourceTree = "<group>"; };
		5B0E125D296C304B00C9EF14 /* Colors.swift */ = {isa = PBXFileReference; lastKnownFileType = sourcecode.swift; path = Colors.swift; sourceTree = "<group>"; };
		5B0E1260296C30E200C9EF14 /* RobotoSlab-Regular.ttf */ = {isa = PBXFileReference; lastKnownFileType = file; path = "RobotoSlab-Regular.ttf"; sourceTree = "<group>"; };
		5B0E1261296C30E200C9EF14 /* RobotoSlab-ExtraBold.ttf */ = {isa = PBXFileReference; lastKnownFileType = file; path = "RobotoSlab-ExtraBold.ttf"; sourceTree = "<group>"; };
		5B0E1262296C30E200C9EF14 /* RobotoSlab-Bold.ttf */ = {isa = PBXFileReference; lastKnownFileType = file; path = "RobotoSlab-Bold.ttf"; sourceTree = "<group>"; };
		5B0E1263296C30E200C9EF14 /* RobotoSlab-Thin.ttf */ = {isa = PBXFileReference; lastKnownFileType = file; path = "RobotoSlab-Thin.ttf"; sourceTree = "<group>"; };
		5B0E1264296C30E200C9EF14 /* RobotoSlab-SemiBold.ttf */ = {isa = PBXFileReference; lastKnownFileType = file; path = "RobotoSlab-SemiBold.ttf"; sourceTree = "<group>"; };
		5B0E1265296C30E300C9EF14 /* RobotoSlab-Light.ttf */ = {isa = PBXFileReference; lastKnownFileType = file; path = "RobotoSlab-Light.ttf"; sourceTree = "<group>"; };
		5B0E1266296C30E300C9EF14 /* RobotoSlab-ExtraLight.ttf */ = {isa = PBXFileReference; lastKnownFileType = file; path = "RobotoSlab-ExtraLight.ttf"; sourceTree = "<group>"; };
		5B0E1267296C30E300C9EF14 /* RobotoSlab-Black.ttf */ = {isa = PBXFileReference; lastKnownFileType = file; path = "RobotoSlab-Black.ttf"; sourceTree = "<group>"; };
		5B0E1268296C30E300C9EF14 /* RobotoSlab-Medium.ttf */ = {isa = PBXFileReference; lastKnownFileType = file; path = "RobotoSlab-Medium.ttf"; sourceTree = "<group>"; };
		5BCE7925296CA5BB002CD48F /* SplashViewController.swift */ = {isa = PBXFileReference; lastKnownFileType = sourcecode.swift; path = SplashViewController.swift; sourceTree = "<group>"; };
		5BE1DF832954EB100010295B /* Gold-Currency.app */ = {isa = PBXFileReference; explicitFileType = wrapper.application; includeInIndex = 0; path = "Gold-Currency.app"; sourceTree = BUILT_PRODUCTS_DIR; };
		5BE1DF862954EB100010295B /* AppDelegate.swift */ = {isa = PBXFileReference; lastKnownFileType = sourcecode.swift; path = AppDelegate.swift; sourceTree = "<group>"; };
		5BE1DF882954EB100010295B /* SceneDelegate.swift */ = {isa = PBXFileReference; lastKnownFileType = sourcecode.swift; path = SceneDelegate.swift; sourceTree = "<group>"; };
		5BE1DF8D2954EB100010295B /* Base */ = {isa = PBXFileReference; lastKnownFileType = file.storyboard; name = Base; path = Base.lproj/Main.storyboard; sourceTree = "<group>"; };
		5BE1DF8F2954EB110010295B /* Assets.xcassets */ = {isa = PBXFileReference; lastKnownFileType = folder.assetcatalog; path = Assets.xcassets; sourceTree = "<group>"; };
		5BE1DF922954EB110010295B /* Base */ = {isa = PBXFileReference; lastKnownFileType = file.storyboard; name = Base; path = Base.lproj/LaunchScreen.storyboard; sourceTree = "<group>"; };
		5BE1DF942954EB110010295B /* Info.plist */ = {isa = PBXFileReference; lastKnownFileType = text.plist.xml; path = Info.plist; sourceTree = "<group>"; };
		5BE1DFA32954ED6C0010295B /* MainViewController.swift */ = {isa = PBXFileReference; lastKnownFileType = sourcecode.swift; path = MainViewController.swift; sourceTree = "<group>"; };
		5BE1DFA52954EDD20010295B /* SettingsViewController.swift */ = {isa = PBXFileReference; lastKnownFileType = sourcecode.swift; path = SettingsViewController.swift; sourceTree = "<group>"; };
		5BE1DFA92955288C0010295B /* APICaller.swift */ = {isa = PBXFileReference; lastKnownFileType = sourcecode.swift; path = APICaller.swift; sourceTree = "<group>"; };
		5BE1DFAB29552B3A0010295B /* Metal.swift */ = {isa = PBXFileReference; lastKnownFileType = sourcecode.swift; path = Metal.swift; sourceTree = "<group>"; };
		5BE2E8CE2955F37700463779 /* Extentions.swift */ = {isa = PBXFileReference; lastKnownFileType = sourcecode.swift; path = Extentions.swift; sourceTree = "<group>"; };
/* End PBXFileReference section */

/* Begin PBXFrameworksBuildPhase section */
		5BE1DF802954EB100010295B /* Frameworks */ = {
			isa = PBXFrameworksBuildPhase;
			buildActionMask = 2147483647;
			files = (
			);
			runOnlyForDeploymentPostprocessing = 0;
		};
/* End PBXFrameworksBuildPhase section */

/* Begin PBXGroup section */
		5B0E1253296C05B700C9EF14 /* Application */ = {
			isa = PBXGroup;
			children = (
				5BE1DF862954EB100010295B /* AppDelegate.swift */,
				5BE1DF882954EB100010295B /* SceneDelegate.swift */,
			);
			path = Application;
			sourceTree = "<group>";
		};
		5B0E125A296C2E2400C9EF14 /* CustomViews */ = {
			isa = PBXGroup;
			children = (
				5B0E1258296C2E1800C9EF14 /* OnBoardingCell.swift */,
			);
			path = CustomViews;
			sourceTree = "<group>";
		};
		5B0E125F296C305900C9EF14 /* Fonts */ = {
			isa = PBXGroup;
			children = (
				5B0E1267296C30E300C9EF14 /* RobotoSlab-Black.ttf */,
				5B0E1262296C30E200C9EF14 /* RobotoSlab-Bold.ttf */,
				5B0E1261296C30E200C9EF14 /* RobotoSlab-ExtraBold.ttf */,
				5B0E1266296C30E300C9EF14 /* RobotoSlab-ExtraLight.ttf */,
				5B0E1265296C30E300C9EF14 /* RobotoSlab-Light.ttf */,
				5B0E1268296C30E300C9EF14 /* RobotoSlab-Medium.ttf */,
				5B0E1260296C30E200C9EF14 /* RobotoSlab-Regular.ttf */,
				5B0E1264296C30E200C9EF14 /* RobotoSlab-SemiBold.ttf */,
				5B0E1263296C30E200C9EF14 /* RobotoSlab-Thin.ttf */,
			);
			path = Fonts;
			sourceTree = "<group>";
		};
		5BCE7924296CA5A6002CD48F /* General */ = {
			isa = PBXGroup;
			children = (
				5BCE7925296CA5BB002CD48F /* SplashViewController.swift */,
				5B0E1256296C2CE700C9EF14 /* OnBoardingViewController.swift */,
			);
			path = General;
			sourceTree = "<group>";
		};
		5BE1DF7A2954EB100010295B = {
			isa = PBXGroup;
			children = (
				5BE1DF852954EB100010295B /* Gold-Currency */,
				5BE1DF842954EB100010295B /* Products */,
			);
			sourceTree = "<group>";
		};
		5BE1DF842954EB100010295B /* Products */ = {
			isa = PBXGroup;
			children = (
				5BE1DF832954EB100010295B /* Gold-Currency.app */,
			);
			name = Products;
			sourceTree = "<group>";
		};
		5BE1DF852954EB100010295B /* Gold-Currency */ = {
			isa = PBXGroup;
			children = (
				5B0E125A296C2E2400C9EF14 /* CustomViews */,
				5B0E1253296C05B700C9EF14 /* Application */,
				5BE1DFA8295528790010295B /* Managers */,
				5BE1DF9E2954EC560010295B /* Views */,
				5BE1DF9C2954EC3D0010295B /* Resources */,
				5BE1DF9B2954EC350010295B /* Models */,
				5BE1DF9A2954EC2A0010295B /* Controllers */,
				5BE1DF942954EB110010295B /* Info.plist */,
			);
			path = "Gold-Currency";
			sourceTree = "<group>";
		};
		5BE1DF9A2954EC2A0010295B /* Controllers */ = {
			isa = PBXGroup;
			children = (
				5BCE7924296CA5A6002CD48F /* General */,
				5BE1DFA729551D000010295B /* Core */,
			);
			path = Controllers;
			sourceTree = "<group>";
		};
		5BE1DF9B2954EC350010295B /* Models */ = {
			isa = PBXGroup;
			children = (
				5BE1DFAB29552B3A0010295B /* Metal.swift */,
			);
			path = Models;
			sourceTree = "<group>";
		};
		5BE1DF9C2954EC3D0010295B /* Resources */ = {
			isa = PBXGroup;
			children = (
				5B0E125F296C305900C9EF14 /* Fonts */,
				5B0E125B296C2EC000C9EF14 /* ImageHelper.swift */,
				5BE2E8CE2955F37700463779 /* Extentions.swift */,
				5BE1DF8F2954EB110010295B /* Assets.xcassets */,
				5B0E125D296C304B00C9EF14 /* Colors.swift */,
			);
			path = Resources;
			sourceTree = "<group>";
		};
		5BE1DF9E2954EC560010295B /* Views */ = {
			isa = PBXGroup;
			children = (
				5BE1DF8C2954EB100010295B /* Main.storyboard */,
				5BE1DF912954EB110010295B /* LaunchScreen.storyboard */,
			);
			path = Views;
			sourceTree = "<group>";
		};
		5BE1DFA729551D000010295B /* Core */ = {
			isa = PBXGroup;
			children = (
				5BE1DFA52954EDD20010295B /* SettingsViewController.swift */,
				5BE1DFA32954ED6C0010295B /* MainViewController.swift */,
				5B0E1254296C1EB600C9EF14 /* ExchangeViewController.swift */,
			);
			path = Core;
			sourceTree = "<group>";
		};
		5BE1DFA8295528790010295B /* Managers */ = {
			isa = PBXGroup;
			children = (
				5BE1DFA92955288C0010295B /* APICaller.swift */,
			);
			path = Managers;
			sourceTree = "<group>";
		};
/* End PBXGroup section */

/* Begin PBXNativeTarget section */
		5BE1DF822954EB100010295B /* Gold-Currency */ = {
			isa = PBXNativeTarget;
			buildConfigurationList = 5BE1DF972954EB110010295B /* Build configuration list for PBXNativeTarget "Gold-Currency" */;
			buildPhases = (
				5BE1DF7F2954EB100010295B /* Sources */,
				5BE1DF802954EB100010295B /* Frameworks */,
				5BE1DF812954EB100010295B /* Resources */,
			);
			buildRules = (
			);
			dependencies = (
			);
			name = "Gold-Currency";
			productName = "Gold-Currency";
			productReference = 5BE1DF832954EB100010295B /* Gold-Currency.app */;
			productType = "com.apple.product-type.application";
		};
/* End PBXNativeTarget section */

/* Begin PBXProject section */
		5BE1DF7B2954EB100010295B /* Project object */ = {
			isa = PBXProject;
			attributes = {
				BuildIndependentTargetsInParallel = 1;
				LastSwiftUpdateCheck = 1400;
				LastUpgradeCheck = 1400;
				TargetAttributes = {
					5BE1DF822954EB100010295B = {
						CreatedOnToolsVersion = 14.0.1;
					};
				};
			};
			buildConfigurationList = 5BE1DF7E2954EB100010295B /* Build configuration list for PBXProject "Gold-Currency" */;
			compatibilityVersion = "Xcode 14.0";
			developmentRegion = en;
			hasScannedForEncodings = 0;
			knownRegions = (
				en,
				Base,
			);
			mainGroup = 5BE1DF7A2954EB100010295B;
			productRefGroup = 5BE1DF842954EB100010295B /* Products */;
			projectDirPath = "";
			projectRoot = "";
			targets = (
				5BE1DF822954EB100010295B /* Gold-Currency */,
			);
		};
/* End PBXProject section */

/* Begin PBXResourcesBuildPhase section */
		5BE1DF812954EB100010295B /* Resources */ = {
			isa = PBXResourcesBuildPhase;
			buildActionMask = 2147483647;
			files = (
				5B0E1269296C30E300C9EF14 /* RobotoSlab-Regular.ttf in Resources */,
				5BE1DF932954EB110010295B /* LaunchScreen.storyboard in Resources */,
				5B0E126C296C30E300C9EF14 /* RobotoSlab-Thin.ttf in Resources */,
				5B0E126B296C30E300C9EF14 /* RobotoSlab-Bold.ttf in Resources */,
				5BE1DF902954EB110010295B /* Assets.xcassets in Resources */,
				5B0E126F296C30E300C9EF14 /* RobotoSlab-ExtraLight.ttf in Resources */,
				5B0E1271296C30E300C9EF14 /* RobotoSlab-Medium.ttf in Resources */,
				5B0E1270296C30E300C9EF14 /* RobotoSlab-Black.ttf in Resources */,
				5B0E126E296C30E300C9EF14 /* RobotoSlab-Light.ttf in Resources */,
				5B0E126A296C30E300C9EF14 /* RobotoSlab-ExtraBold.ttf in Resources */,
				5B0E126D296C30E300C9EF14 /* RobotoSlab-SemiBold.ttf in Resources */,
				5BE1DF8E2954EB100010295B /* Main.storyboard in Resources */,
			);
			runOnlyForDeploymentPostprocessing = 0;
		};
/* End PBXResourcesBuildPhase section */

/* Begin PBXSourcesBuildPhase section */
		5BE1DF7F2954EB100010295B /* Sources */ = {
			isa = PBXSourcesBuildPhase;
			buildActionMask = 2147483647;
			files = (
				5B0E1259296C2E1800C9EF14 /* OnBoardingCell.swift in Sources */,
				5B0E125E296C304B00C9EF14 /* Colors.swift in Sources */,
				5BE1DF872954EB100010295B /* AppDelegate.swift in Sources */,
				5B0E1255296C1EB600C9EF14 /* ExchangeViewController.swift in Sources */,
				5BE1DFAA2955288C0010295B /* APICaller.swift in Sources */,
				5BE1DF892954EB100010295B /* SceneDelegate.swift in Sources */,
				5BCE7926296CA5BB002CD48F /* SplashViewController.swift in Sources */,
				5BE1DFAC29552B3A0010295B /* Metal.swift in Sources */,
				5BE1DFA62954EDD20010295B /* SettingsViewController.swift in Sources */,
				5B0E1257296C2CE700C9EF14 /* OnBoardingViewController.swift in Sources */,
				5BE1DFA42954ED6C0010295B /* MainViewController.swift in Sources */,
				5BE2E8CF2955F37700463779 /* Extentions.swift in Sources */,
				5B0E125C296C2EC000C9EF14 /* ImageHelper.swift in Sources */,
			);
			runOnlyForDeploymentPostprocessing = 0;
		};
/* End PBXSourcesBuildPhase section */

/* Begin PBXVariantGroup section */
		5BE1DF8C2954EB100010295B /* Main.storyboard */ = {
			isa = PBXVariantGroup;
			children = (
				5BE1DF8D2954EB100010295B /* Base */,
			);
			name = Main.storyboard;
			sourceTree = "<group>";
		};
		5BE1DF912954EB110010295B /* LaunchScreen.storyboard */ = {
			isa = PBXVariantGroup;
			children = (
				5BE1DF922954EB110010295B /* Base */,
			);
			name = LaunchScreen.storyboard;
			sourceTree = "<group>";
		};
/* End PBXVariantGroup section */

/* Begin XCBuildConfiguration section */
		5BE1DF952954EB110010295B /* Debug */ = {
			isa = XCBuildConfiguration;
			buildSettings = {
				ALWAYS_SEARCH_USER_PATHS = NO;
				CLANG_ANALYZER_NONNULL = YES;
				CLANG_ANALYZER_NUMBER_OBJECT_CONVERSION = YES_AGGRESSIVE;
				CLANG_CXX_LANGUAGE_STANDARD = "gnu++20";
				CLANG_ENABLE_MODULES = YES;
				CLANG_ENABLE_OBJC_ARC = YES;
				CLANG_ENABLE_OBJC_WEAK = YES;
				CLANG_WARN_BLOCK_CAPTURE_AUTORELEASING = YES;
				CLANG_WARN_BOOL_CONVERSION = YES;
				CLANG_WARN_COMMA = YES;
				CLANG_WARN_CONSTANT_CONVERSION = YES;
				CLANG_WARN_DEPRECATED_OBJC_IMPLEMENTATIONS = YES;
				CLANG_WARN_DIRECT_OBJC_ISA_USAGE = YES_ERROR;
				CLANG_WARN_DOCUMENTATION_COMMENTS = YES;
				CLANG_WARN_EMPTY_BODY = YES;
				CLANG_WARN_ENUM_CONVERSION = YES;
				CLANG_WARN_INFINITE_RECURSION = YES;
				CLANG_WARN_INT_CONVERSION = YES;
				CLANG_WARN_NON_LITERAL_NULL_CONVERSION = YES;
				CLANG_WARN_OBJC_IMPLICIT_RETAIN_SELF = YES;
				CLANG_WARN_OBJC_LITERAL_CONVERSION = YES;
				CLANG_WARN_OBJC_ROOT_CLASS = YES_ERROR;
				CLANG_WARN_QUOTED_INCLUDE_IN_FRAMEWORK_HEADER = YES;
				CLANG_WARN_RANGE_LOOP_ANALYSIS = YES;
				CLANG_WARN_STRICT_PROTOTYPES = YES;
				CLANG_WARN_SUSPICIOUS_MOVE = YES;
				CLANG_WARN_UNGUARDED_AVAILABILITY = YES_AGGRESSIVE;
				CLANG_WARN_UNREACHABLE_CODE = YES;
				CLANG_WARN__DUPLICATE_METHOD_MATCH = YES;
				COPY_PHASE_STRIP = NO;
				DEBUG_INFORMATION_FORMAT = dwarf;
				ENABLE_STRICT_OBJC_MSGSEND = YES;
				ENABLE_TESTABILITY = YES;
				GCC_C_LANGUAGE_STANDARD = gnu11;
				GCC_DYNAMIC_NO_PIC = NO;
				GCC_NO_COMMON_BLOCKS = YES;
				GCC_OPTIMIZATION_LEVEL = 0;
				GCC_PREPROCESSOR_DEFINITIONS = (
					"DEBUG=1",
					"$(inherited)",
				);
				GCC_WARN_64_TO_32_BIT_CONVERSION = YES;
				GCC_WARN_ABOUT_RETURN_TYPE = YES_ERROR;
				GCC_WARN_UNDECLARED_SELECTOR = YES;
				GCC_WARN_UNINITIALIZED_AUTOS = YES_AGGRESSIVE;
				GCC_WARN_UNUSED_FUNCTION = YES;
				GCC_WARN_UNUSED_VARIABLE = YES;
				IPHONEOS_DEPLOYMENT_TARGET = 16.0;
				MTL_ENABLE_DEBUG_INFO = INCLUDE_SOURCE;
				MTL_FAST_MATH = YES;
				ONLY_ACTIVE_ARCH = YES;
				SDKROOT = iphoneos;
				SWIFT_ACTIVE_COMPILATION_CONDITIONS = DEBUG;
				SWIFT_OPTIMIZATION_LEVEL = "-Onone";
			};
			name = Debug;
		};
		5BE1DF962954EB110010295B /* Release */ = {
			isa = XCBuildConfiguration;
			buildSettings = {
				ALWAYS_SEARCH_USER_PATHS = NO;
				CLANG_ANALYZER_NONNULL = YES;
				CLANG_ANALYZER_NUMBER_OBJECT_CONVERSION = YES_AGGRESSIVE;
				CLANG_CXX_LANGUAGE_STANDARD = "gnu++20";
				CLANG_ENABLE_MODULES = YES;
				CLANG_ENABLE_OBJC_ARC = YES;
				CLANG_ENABLE_OBJC_WEAK = YES;
				CLANG_WARN_BLOCK_CAPTURE_AUTORELEASING = YES;
				CLANG_WARN_BOOL_CONVERSION = YES;
				CLANG_WARN_COMMA = YES;
				CLANG_WARN_CONSTANT_CONVERSION = YES;
				CLANG_WARN_DEPRECATED_OBJC_IMPLEMENTATIONS = YES;
				CLANG_WARN_DIRECT_OBJC_ISA_USAGE = YES_ERROR;
				CLANG_WARN_DOCUMENTATION_COMMENTS = YES;
				CLANG_WARN_EMPTY_BODY = YES;
				CLANG_WARN_ENUM_CONVERSION = YES;
				CLANG_WARN_INFINITE_RECURSION = YES;
				CLANG_WARN_INT_CONVERSION = YES;
				CLANG_WARN_NON_LITERAL_NULL_CONVERSION = YES;
				CLANG_WARN_OBJC_IMPLICIT_RETAIN_SELF = YES;
				CLANG_WARN_OBJC_LITERAL_CONVERSION = YES;
				CLANG_WARN_OBJC_ROOT_CLASS = YES_ERROR;
				CLANG_WARN_QUOTED_INCLUDE_IN_FRAMEWORK_HEADER = YES;
				CLANG_WARN_RANGE_LOOP_ANALYSIS = YES;
				CLANG_WARN_STRICT_PROTOTYPES = YES;
				CLANG_WARN_SUSPICIOUS_MOVE = YES;
				CLANG_WARN_UNGUARDED_AVAILABILITY = YES_AGGRESSIVE;
				CLANG_WARN_UNREACHABLE_CODE = YES;
				CLANG_WARN__DUPLICATE_METHOD_MATCH = YES;
				COPY_PHASE_STRIP = NO;
				DEBUG_INFORMATION_FORMAT = "dwarf-with-dsym";
				ENABLE_NS_ASSERTIONS = NO;
				ENABLE_STRICT_OBJC_MSGSEND = YES;
				GCC_C_LANGUAGE_STANDARD = gnu11;
				GCC_NO_COMMON_BLOCKS = YES;
				GCC_WARN_64_TO_32_BIT_CONVERSION = YES;
				GCC_WARN_ABOUT_RETURN_TYPE = YES_ERROR;
				GCC_WARN_UNDECLARED_SELECTOR = YES;
				GCC_WARN_UNINITIALIZED_AUTOS = YES_AGGRESSIVE;
				GCC_WARN_UNUSED_FUNCTION = YES;
				GCC_WARN_UNUSED_VARIABLE = YES;
				IPHONEOS_DEPLOYMENT_TARGET = 16.0;
				MTL_ENABLE_DEBUG_INFO = NO;
				MTL_FAST_MATH = YES;
				SDKROOT = iphoneos;
				SWIFT_COMPILATION_MODE = wholemodule;
				SWIFT_OPTIMIZATION_LEVEL = "-O";
				VALIDATE_PRODUCT = YES;
			};
			name = Release;
		};
		5BE1DF982954EB110010295B /* Debug */ = {
			isa = XCBuildConfiguration;
			buildSettings = {
				ASSETCATALOG_COMPILER_APPICON_NAME = AppIcon;
				ASSETCATALOG_COMPILER_GLOBAL_ACCENT_COLOR_NAME = AccentColor;
				CODE_SIGN_STYLE = Automatic;
				CURRENT_PROJECT_VERSION = 1;
				GENERATE_INFOPLIST_FILE = YES;
				INFOPLIST_FILE = "Gold-Currency/Info.plist";
				INFOPLIST_KEY_UIApplicationSupportsIndirectInputEvents = YES;
				INFOPLIST_KEY_UILaunchStoryboardName = LaunchScreen;
				INFOPLIST_KEY_UIMainStoryboardFile = Main;
				INFOPLIST_KEY_UISupportedInterfaceOrientations_iPad = "UIInterfaceOrientationPortrait UIInterfaceOrientationPortraitUpsideDown UIInterfaceOrientationLandscapeLeft UIInterfaceOrientationLandscapeRight";
				INFOPLIST_KEY_UISupportedInterfaceOrientations_iPhone = "UIInterfaceOrientationPortrait UIInterfaceOrientationLandscapeLeft UIInterfaceOrientationLandscapeRight";
				LD_RUNPATH_SEARCH_PATHS = (
					"$(inherited)",
					"@executable_path/Frameworks",
				);
				MARKETING_VERSION = 1.0;
				PRODUCT_BUNDLE_IDENTIFIER = "Salem.Gold-Currency";
				PRODUCT_NAME = "$(TARGET_NAME)";
				SWIFT_EMIT_LOC_STRINGS = YES;
				SWIFT_VERSION = 5.0;
				TARGETED_DEVICE_FAMILY = "1,2";
			};
			name = Debug;
		};
		5BE1DF992954EB110010295B /* Release */ = {
			isa = XCBuildConfiguration;
			buildSettings = {
				ASSETCATALOG_COMPILER_APPICON_NAME = AppIcon;
				ASSETCATALOG_COMPILER_GLOBAL_ACCENT_COLOR_NAME = AccentColor;
				CODE_SIGN_STYLE = Automatic;
				CURRENT_PROJECT_VERSION = 1;
				GENERATE_INFOPLIST_FILE = YES;
				INFOPLIST_FILE = "Gold-Currency/Info.plist";
				INFOPLIST_KEY_UIApplicationSupportsIndirectInputEvents = YES;
				INFOPLIST_KEY_UILaunchStoryboardName = LaunchScreen;
				INFOPLIST_KEY_UIMainStoryboardFile = Main;
				INFOPLIST_KEY_UISupportedInterfaceOrientations_iPad = "UIInterfaceOrientationPortrait UIInterfaceOrientationPortraitUpsideDown UIInterfaceOrientationLandscapeLeft UIInterfaceOrientationLandscapeRight";
				INFOPLIST_KEY_UISupportedInterfaceOrientations_iPhone = "UIInterfaceOrientationPortrait UIInterfaceOrientationLandscapeLeft UIInterfaceOrientationLandscapeRight";
				LD_RUNPATH_SEARCH_PATHS = (
					"$(inherited)",
					"@executable_path/Frameworks",
				);
				MARKETING_VERSION = 1.0;
				PRODUCT_BUNDLE_IDENTIFIER = "Salem.Gold-Currency";
				PRODUCT_NAME = "$(TARGET_NAME)";
				SWIFT_EMIT_LOC_STRINGS = YES;
				SWIFT_VERSION = 5.0;
				TARGETED_DEVICE_FAMILY = "1,2";
			};
			name = Release;
		};
/* End XCBuildConfiguration section */

/* Begin XCConfigurationList section */
		5BE1DF7E2954EB100010295B /* Build configuration list for PBXProject "Gold-Currency" */ = {
			isa = XCConfigurationList;
			buildConfigurations = (
				5BE1DF952954EB110010295B /* Debug */,
				5BE1DF962954EB110010295B /* Release */,
			);
			defaultConfigurationIsVisible = 0;
			defaultConfigurationName = Release;
		};
		5BE1DF972954EB110010295B /* Build configuration list for PBXNativeTarget "Gold-Currency" */ = {
			isa = XCConfigurationList;
			buildConfigurations = (
				5BE1DF982954EB110010295B /* Debug */,
				5BE1DF992954EB110010295B /* Release */,
			);
			defaultConfigurationIsVisible = 0;
			defaultConfigurationName = Release;
		};
/* End XCConfigurationList section */
	};
	rootObject = 5BE1DF7B2954EB100010295B /* Project object */;
}
